// !$*UTF8*$!
{
	archiveVersion = 1;
	classes = {
	};
	objectVersion = 50;
	objects = {

/* Begin PBXBuildFile section */
		1C1F3D2B2AD877B10043D9EB /* SearchVC.swift in Sources */ = {isa = PBXBuildFile; fileRef = 1C1F3D2A2AD877B10043D9EB /* SearchVC.swift */; };
		1C1F3D2D2AD877D50043D9EB /* FavoritesListVC.swift in Sources */ = {isa = PBXBuildFile; fileRef = 1C1F3D2C2AD877D50043D9EB /* FavoritesListVC.swift */; };
		1C1F3D2F2AD884A10043D9EB /* GFButton.swift in Sources */ = {isa = PBXBuildFile; fileRef = 1C1F3D2E2AD884A10043D9EB /* GFButton.swift */; };
		1C1F3D312AD886E50043D9EB /* GFTextField.swift in Sources */ = {isa = PBXBuildFile; fileRef = 1C1F3D302AD886E50043D9EB /* GFTextField.swift */; };
		1C1F3D332AD895CD0043D9EB /* FollowerListVC.swift in Sources */ = {isa = PBXBuildFile; fileRef = 1C1F3D322AD895CD0043D9EB /* FollowerListVC.swift */; };
		1C1F3D352AD8BBEC0043D9EB /* GFTitleLabel.swift in Sources */ = {isa = PBXBuildFile; fileRef = 1C1F3D342AD8BBEC0043D9EB /* GFTitleLabel.swift */; };
		1C1F3D372AD8BD1E0043D9EB /* GFBodyLabel.swift in Sources */ = {isa = PBXBuildFile; fileRef = 1C1F3D362AD8BD1E0043D9EB /* GFBodyLabel.swift */; };
		1C1F3D392AD8BDD70043D9EB /* GFAlertVC.swift in Sources */ = {isa = PBXBuildFile; fileRef = 1C1F3D382AD8BDD70043D9EB /* GFAlertVC.swift */; };
		1C1F3D3B2AD8C3A00043D9EB /* UIViewController+Ext.swift in Sources */ = {isa = PBXBuildFile; fileRef = 1C1F3D3A2AD8C3A00043D9EB /* UIViewController+Ext.swift */; };
		EDDFE24223B6C71E00C026C3 /* AppDelegate.swift in Sources */ = {isa = PBXBuildFile; fileRef = EDDFE24123B6C71E00C026C3 /* AppDelegate.swift */; };
		EDDFE24423B6C71E00C026C3 /* SceneDelegate.swift in Sources */ = {isa = PBXBuildFile; fileRef = EDDFE24323B6C71E00C026C3 /* SceneDelegate.swift */; };
		EDDFE24B23B6C71E00C026C3 /* Assets.xcassets in Resources */ = {isa = PBXBuildFile; fileRef = EDDFE24A23B6C71E00C026C3 /* Assets.xcassets */; };
		EDDFE24E23B6C71E00C026C3 /* LaunchScreen.storyboard in Resources */ = {isa = PBXBuildFile; fileRef = EDDFE24C23B6C71E00C026C3 /* LaunchScreen.storyboard */; };
/* End PBXBuildFile section */

/* Begin PBXFileReference section */
		1C1F3D262AD875C40043D9EB /* NoteBook.md */ = {isa = PBXFileReference; lastKnownFileType = net.daringfireball.markdown; path = NoteBook.md; sourceTree = "<group>"; };
		1C1F3D2A2AD877B10043D9EB /* SearchVC.swift */ = {isa = PBXFileReference; lastKnownFileType = sourcecode.swift; path = SearchVC.swift; sourceTree = "<group>"; };
		1C1F3D2C2AD877D50043D9EB /* FavoritesListVC.swift */ = {isa = PBXFileReference; lastKnownFileType = sourcecode.swift; path = FavoritesListVC.swift; sourceTree = "<group>"; };
		1C1F3D2E2AD884A10043D9EB /* GFButton.swift */ = {isa = PBXFileReference; lastKnownFileType = sourcecode.swift; path = GFButton.swift; sourceTree = "<group>"; };
		1C1F3D302AD886E50043D9EB /* GFTextField.swift */ = {isa = PBXFileReference; lastKnownFileType = sourcecode.swift; path = GFTextField.swift; sourceTree = "<group>"; };
		1C1F3D322AD895CD0043D9EB /* FollowerListVC.swift */ = {isa = PBXFileReference; lastKnownFileType = sourcecode.swift; path = FollowerListVC.swift; sourceTree = "<group>"; };
		1C1F3D342AD8BBEC0043D9EB /* GFTitleLabel.swift */ = {isa = PBXFileReference; lastKnownFileType = sourcecode.swift; path = GFTitleLabel.swift; sourceTree = "<group>"; };
		1C1F3D362AD8BD1E0043D9EB /* GFBodyLabel.swift */ = {isa = PBXFileReference; lastKnownFileType = sourcecode.swift; path = GFBodyLabel.swift; sourceTree = "<group>"; };
		1C1F3D382AD8BDD70043D9EB /* GFAlertVC.swift */ = {isa = PBXFileReference; lastKnownFileType = sourcecode.swift; path = GFAlertVC.swift; sourceTree = "<group>"; };
		1C1F3D3A2AD8C3A00043D9EB /* UIViewController+Ext.swift */ = {isa = PBXFileReference; lastKnownFileType = sourcecode.swift; path = "UIViewController+Ext.swift"; sourceTree = "<group>"; };
		EDDFE23E23B6C71E00C026C3 /* GHFollowers.app */ = {isa = PBXFileReference; explicitFileType = wrapper.application; includeInIndex = 0; path = GHFollowers.app; sourceTree = BUILT_PRODUCTS_DIR; };
		EDDFE24123B6C71E00C026C3 /* AppDelegate.swift */ = {isa = PBXFileReference; lastKnownFileType = sourcecode.swift; path = AppDelegate.swift; sourceTree = "<group>"; };
		EDDFE24323B6C71E00C026C3 /* SceneDelegate.swift */ = {isa = PBXFileReference; lastKnownFileType = sourcecode.swift; path = SceneDelegate.swift; sourceTree = "<group>"; };
		EDDFE24A23B6C71E00C026C3 /* Assets.xcassets */ = {isa = PBXFileReference; lastKnownFileType = folder.assetcatalog; path = Assets.xcassets; sourceTree = "<group>"; };
		EDDFE24D23B6C71E00C026C3 /* Base */ = {isa = PBXFileReference; lastKnownFileType = file.storyboard; name = Base; path = Base.lproj/LaunchScreen.storyboard; sourceTree = "<group>"; };
		EDDFE24F23B6C71E00C026C3 /* Info.plist */ = {isa = PBXFileReference; lastKnownFileType = text.plist.xml; path = Info.plist; sourceTree = "<group>"; };
/* End PBXFileReference section */

/* Begin PBXFrameworksBuildPhase section */
		EDDFE23B23B6C71E00C026C3 /* Frameworks */ = {
			isa = PBXFrameworksBuildPhase;
			buildActionMask = 2147483647;
			files = (
			);
			runOnlyForDeploymentPostprocessing = 0;
		};
/* End PBXFrameworksBuildPhase section */

/* Begin PBXGroup section */
		1C1F3D3C2AD995030043D9EB /* Screens */ = {
			isa = PBXGroup;
			children = (
				1C1F3D322AD895CD0043D9EB /* FollowerListVC.swift */,
				1C1F3D2C2AD877D50043D9EB /* FavoritesListVC.swift */,
				1C1F3D2A2AD877B10043D9EB /* SearchVC.swift */,
			);
			path = Screens;
			sourceTree = "<group>";
		};
		1C1F3D3D2AD995350043D9EB /* CustomViews */ = {
			isa = PBXGroup;
			children = (
				1C1F3D382AD8BDD70043D9EB /* GFAlertVC.swift */,
				1C1F3D342AD8BBEC0043D9EB /* GFTitleLabel.swift */,
				1C1F3D302AD886E50043D9EB /* GFTextField.swift */,
				1C1F3D2E2AD884A10043D9EB /* GFButton.swift */,
				1C1F3D362AD8BD1E0043D9EB /* GFBodyLabel.swift */,
			);
			path = CustomViews;
			sourceTree = "<group>";
		};
		1C1F3D3E2AD995620043D9EB /* Extensions */ = {
			isa = PBXGroup;
			children = (
				1C1F3D3A2AD8C3A00043D9EB /* UIViewController+Ext.swift */,
			);
			path = Extensions;
			sourceTree = "<group>";
		};
		1C1F3D3F2AD995880043D9EB /* App */ = {
			isa = PBXGroup;
			children = (
				EDDFE24A23B6C71E00C026C3 /* Assets.xcassets */,
				EDDFE24F23B6C71E00C026C3 /* Info.plist */,
				EDDFE24C23B6C71E00C026C3 /* LaunchScreen.storyboard */,
				EDDFE24323B6C71E00C026C3 /* SceneDelegate.swift */,
				EDDFE24123B6C71E00C026C3 /* AppDelegate.swift */,
			);
			path = App;
			sourceTree = "<group>";
		};
		EDDFE23523B6C71E00C026C3 = {
			isa = PBXGroup;
			children = (
				EDDFE24023B6C71E00C026C3 /* GHFollowers */,
				EDDFE23F23B6C71E00C026C3 /* Products */,
			);
			sourceTree = "<group>";
		};
		EDDFE23F23B6C71E00C026C3 /* Products */ = {
			isa = PBXGroup;
			children = (
				EDDFE23E23B6C71E00C026C3 /* GHFollowers.app */,
			);
			name = Products;
			sourceTree = "<group>";
		};
		EDDFE24023B6C71E00C026C3 /* GHFollowers */ = {
			isa = PBXGroup;
			children = (
				1C1F3D3C2AD995030043D9EB /* Screens */,
				1C1F3D3D2AD995350043D9EB /* CustomViews */,
				1C1F3D3E2AD995620043D9EB /* Extensions */,
				1C1F3D3F2AD995880043D9EB /* App */,
				1C1F3D262AD875C40043D9EB /* NoteBook.md */,
			);
			path = GHFollowers;
			sourceTree = "<group>";
		};
/* End PBXGroup section */

/* Begin PBXNativeTarget section */
		EDDFE23D23B6C71E00C026C3 /* GHFollowers */ = {
			isa = PBXNativeTarget;
			buildConfigurationList = EDDFE25223B6C71E00C026C3 /* Build configuration list for PBXNativeTarget "GHFollowers" */;
			buildPhases = (
				EDDFE23A23B6C71E00C026C3 /* Sources */,
				EDDFE23B23B6C71E00C026C3 /* Frameworks */,
				EDDFE23C23B6C71E00C026C3 /* Resources */,
			);
			buildRules = (
			);
			dependencies = (
			);
			name = GHFollowers;
			productName = GHFollowers;
			productReference = EDDFE23E23B6C71E00C026C3 /* GHFollowers.app */;
			productType = "com.apple.product-type.application";
		};
/* End PBXNativeTarget section */

/* Begin PBXProject section */
		EDDFE23623B6C71E00C026C3 /* Project object */ = {
			isa = PBXProject;
			attributes = {
				LastSwiftUpdateCheck = 1130;
				LastUpgradeCheck = 1130;
				ORGANIZATIONNAME = "Sean Allen";
				TargetAttributes = {
					EDDFE23D23B6C71E00C026C3 = {
						CreatedOnToolsVersion = 11.3;
						LastSwiftMigration = 1430;
					};
				};
			};
			buildConfigurationList = EDDFE23923B6C71E00C026C3 /* Build configuration list for PBXProject "GHFollowers" */;
			compatibilityVersion = "Xcode 9.3";
			developmentRegion = en;
			hasScannedForEncodings = 0;
			knownRegions = (
				en,
				Base,
			);
			mainGroup = EDDFE23523B6C71E00C026C3;
			productRefGroup = EDDFE23F23B6C71E00C026C3 /* Products */;
			projectDirPath = "";
			projectRoot = "";
			targets = (
				EDDFE23D23B6C71E00C026C3 /* GHFollowers */,
			);
		};
/* End PBXProject section */

/* Begin PBXResourcesBuildPhase section */
		EDDFE23C23B6C71E00C026C3 /* Resources */ = {
			isa = PBXResourcesBuildPhase;
			buildActionMask = 2147483647;
			files = (
				EDDFE24E23B6C71E00C026C3 /* LaunchScreen.storyboard in Resources */,
				EDDFE24B23B6C71E00C026C3 /* Assets.xcassets in Resources */,
			);
			runOnlyForDeploymentPostprocessing = 0;
		};
/* End PBXResourcesBuildPhase section */

/* Begin PBXSourcesBuildPhase section */
		EDDFE23A23B6C71E00C026C3 /* Sources */ = {
			isa = PBXSourcesBuildPhase;
			buildActionMask = 2147483647;
			files = (
				1C1F3D2B2AD877B10043D9EB /* SearchVC.swift in Sources */,
				1C1F3D3B2AD8C3A00043D9EB /* UIViewController+Ext.swift in Sources */,
				1C1F3D2F2AD884A10043D9EB /* GFButton.swift in Sources */,
				1C1F3D2D2AD877D50043D9EB /* FavoritesListVC.swift in Sources */,
				EDDFE24223B6C71E00C026C3 /* AppDelegate.swift in Sources */,
				1C1F3D392AD8BDD70043D9EB /* GFAlertVC.swift in Sources */,
				EDDFE24423B6C71E00C026C3 /* SceneDelegate.swift in Sources */,
				1C1F3D352AD8BBEC0043D9EB /* GFTitleLabel.swift in Sources */,
				1C1F3D332AD895CD0043D9EB /* FollowerListVC.swift in Sources */,
				1C1F3D312AD886E50043D9EB /* GFTextField.swift in Sources */,
				1C1F3D372AD8BD1E0043D9EB /* GFBodyLabel.swift in Sources */,
			);
			runOnlyForDeploymentPostprocessing = 0;
		};
/* End PBXSourcesBuildPhase section */

/* Begin PBXVariantGroup section */
		EDDFE24C23B6C71E00C026C3 /* LaunchScreen.storyboard */ = {
			isa = PBXVariantGroup;
			children = (
				EDDFE24D23B6C71E00C026C3 /* Base */,
			);
			name = LaunchScreen.storyboard;
			sourceTree = "<group>";
		};
/* End PBXVariantGroup section */

/* Begin XCBuildConfiguration section */
		EDDFE25023B6C71E00C026C3 /* Debug */ = {
			isa = XCBuildConfiguration;
			buildSettings = {
				ALWAYS_SEARCH_USER_PATHS = NO;
				CLANG_ANALYZER_NONNULL = YES;
				CLANG_ANALYZER_NUMBER_OBJECT_CONVERSION = YES_AGGRESSIVE;
				CLANG_CXX_LANGUAGE_STANDARD = "gnu++14";
				CLANG_CXX_LIBRARY = "libc++";
				CLANG_ENABLE_MODULES = YES;
				CLANG_ENABLE_OBJC_ARC = YES;
				CLANG_ENABLE_OBJC_WEAK = YES;
				CLANG_WARN_BLOCK_CAPTURE_AUTORELEASING = YES;
				CLANG_WARN_BOOL_CONVERSION = YES;
				CLANG_WARN_COMMA = YES;
				CLANG_WARN_CONSTANT_CONVERSION = YES;
				CLANG_WARN_DEPRECATED_OBJC_IMPLEMENTATIONS = YES;
				CLANG_WARN_DIRECT_OBJC_ISA_USAGE = YES_ERROR;
				CLANG_WARN_DOCUMENTATION_COMMENTS = YES;
				CLANG_WARN_EMPTY_BODY = YES;
				CLANG_WARN_ENUM_CONVERSION = YES;
				CLANG_WARN_INFINITE_RECURSION = YES;
				CLANG_WARN_INT_CONVERSION = YES;
				CLANG_WARN_NON_LITERAL_NULL_CONVERSION = YES;
				CLANG_WARN_OBJC_IMPLICIT_RETAIN_SELF = YES;
				CLANG_WARN_OBJC_LITERAL_CONVERSION = YES;
				CLANG_WARN_OBJC_ROOT_CLASS = YES_ERROR;
				CLANG_WARN_RANGE_LOOP_ANALYSIS = YES;
				CLANG_WARN_STRICT_PROTOTYPES = YES;
				CLANG_WARN_SUSPICIOUS_MOVE = YES;
				CLANG_WARN_UNGUARDED_AVAILABILITY = YES_AGGRESSIVE;
				CLANG_WARN_UNREACHABLE_CODE = YES;
				CLANG_WARN__DUPLICATE_METHOD_MATCH = YES;
				COPY_PHASE_STRIP = NO;
				DEBUG_INFORMATION_FORMAT = dwarf;
				ENABLE_STRICT_OBJC_MSGSEND = YES;
				ENABLE_TESTABILITY = YES;
				GCC_C_LANGUAGE_STANDARD = gnu11;
				GCC_DYNAMIC_NO_PIC = NO;
				GCC_NO_COMMON_BLOCKS = YES;
				GCC_OPTIMIZATION_LEVEL = 0;
				GCC_PREPROCESSOR_DEFINITIONS = (
					"DEBUG=1",
					"$(inherited)",
				);
				GCC_WARN_64_TO_32_BIT_CONVERSION = YES;
				GCC_WARN_ABOUT_RETURN_TYPE = YES_ERROR;
				GCC_WARN_UNDECLARED_SELECTOR = YES;
				GCC_WARN_UNINITIALIZED_AUTOS = YES_AGGRESSIVE;
				GCC_WARN_UNUSED_FUNCTION = YES;
				GCC_WARN_UNUSED_VARIABLE = YES;
				IPHONEOS_DEPLOYMENT_TARGET = 13.2;
				MTL_ENABLE_DEBUG_INFO = INCLUDE_SOURCE;
				MTL_FAST_MATH = YES;
				ONLY_ACTIVE_ARCH = YES;
				SDKROOT = iphoneos;
				SWIFT_ACTIVE_COMPILATION_CONDITIONS = DEBUG;
				SWIFT_OPTIMIZATION_LEVEL = "-Onone";
			};
			name = Debug;
		};
		EDDFE25123B6C71E00C026C3 /* Release */ = {
			isa = XCBuildConfiguration;
			buildSettings = {
				ALWAYS_SEARCH_USER_PATHS = NO;
				CLANG_ANALYZER_NONNULL = YES;
				CLANG_ANALYZER_NUMBER_OBJECT_CONVERSION = YES_AGGRESSIVE;
				CLANG_CXX_LANGUAGE_STANDARD = "gnu++14";
				CLANG_CXX_LIBRARY = "libc++";
				CLANG_ENABLE_MODULES = YES;
				CLANG_ENABLE_OBJC_ARC = YES;
				CLANG_ENABLE_OBJC_WEAK = YES;
				CLANG_WARN_BLOCK_CAPTURE_AUTORELEASING = YES;
				CLANG_WARN_BOOL_CONVERSION = YES;
				CLANG_WARN_COMMA = YES;
				CLANG_WARN_CONSTANT_CONVERSION = YES;
				CLANG_WARN_DEPRECATED_OBJC_IMPLEMENTATIONS = YES;
				CLANG_WARN_DIRECT_OBJC_ISA_USAGE = YES_ERROR;
				CLANG_WARN_DOCUMENTATION_COMMENTS = YES;
				CLANG_WARN_EMPTY_BODY = YES;
				CLANG_WARN_ENUM_CONVERSION = YES;
				CLANG_WARN_INFINITE_RECURSION = YES;
				CLANG_WARN_INT_CONVERSION = YES;
				CLANG_WARN_NON_LITERAL_NULL_CONVERSION = YES;
				CLANG_WARN_OBJC_IMPLICIT_RETAIN_SELF = YES;
				CLANG_WARN_OBJC_LITERAL_CONVERSION = YES;
				CLANG_WARN_OBJC_ROOT_CLASS = YES_ERROR;
				CLANG_WARN_RANGE_LOOP_ANALYSIS = YES;
				CLANG_WARN_STRICT_PROTOTYPES = YES;
				CLANG_WARN_SUSPICIOUS_MOVE = YES;
				CLANG_WARN_UNGUARDED_AVAILABILITY = YES_AGGRESSIVE;
				CLANG_WARN_UNREACHABLE_CODE = YES;
				CLANG_WARN__DUPLICATE_METHOD_MATCH = YES;
				COPY_PHASE_STRIP = NO;
				DEBUG_INFORMATION_FORMAT = "dwarf-with-dsym";
				ENABLE_NS_ASSERTIONS = NO;
				ENABLE_STRICT_OBJC_MSGSEND = YES;
				GCC_C_LANGUAGE_STANDARD = gnu11;
				GCC_NO_COMMON_BLOCKS = YES;
				GCC_WARN_64_TO_32_BIT_CONVERSION = YES;
				GCC_WARN_ABOUT_RETURN_TYPE = YES_ERROR;
				GCC_WARN_UNDECLARED_SELECTOR = YES;
				GCC_WARN_UNINITIALIZED_AUTOS = YES_AGGRESSIVE;
				GCC_WARN_UNUSED_FUNCTION = YES;
				GCC_WARN_UNUSED_VARIABLE = YES;
				IPHONEOS_DEPLOYMENT_TARGET = 13.2;
				MTL_ENABLE_DEBUG_INFO = NO;
				MTL_FAST_MATH = YES;
				SDKROOT = iphoneos;
				SWIFT_COMPILATION_MODE = wholemodule;
				SWIFT_OPTIMIZATION_LEVEL = "-O";
				VALIDATE_PRODUCT = YES;
			};
			name = Release;
		};
		EDDFE25323B6C71E00C026C3 /* Debug */ = {
			isa = XCBuildConfiguration;
			buildSettings = {
				ASSETCATALOG_COMPILER_APPICON_NAME = AppIcon;
				CLANG_ENABLE_MODULES = YES;
				CODE_SIGN_STYLE = Automatic;
				DEVELOPMENT_TEAM = XUTQ42ZH6N;
				INFOPLIST_FILE = GHFollowers/App/Info.plist;
				LD_RUNPATH_SEARCH_PATHS = (
					"$(inherited)",
					"@executable_path/Frameworks",
				);
				PRODUCT_BUNDLE_IDENTIFIER = co.szhang2378.GHFollowers;
				PRODUCT_NAME = "$(TARGET_NAME)";
				SWIFT_OPTIMIZATION_LEVEL = "-Onone";
				SWIFT_VERSION = 5.0;
				TARGETED_DEVICE_FAMILY = 1;
			};
			name = Debug;
		};
		EDDFE25423B6C71E00C026C3 /* Release */ = {
			isa = XCBuildConfiguration;
			buildSettings = {
				ASSETCATALOG_COMPILER_APPICON_NAME = AppIcon;
				CLANG_ENABLE_MODULES = YES;
				CODE_SIGN_STYLE = Automatic;
				DEVELOPMENT_TEAM = XUTQ42ZH6N;
				INFOPLIST_FILE = GHFollowers/App/Info.plist;
				LD_RUNPATH_SEARCH_PATHS = (
					"$(inherited)",
					"@executable_path/Frameworks",
				);
				PRODUCT_BUNDLE_IDENTIFIER = co.szhang2378.GHFollowers;
				PRODUCT_NAME = "$(TARGET_NAME)";
				SWIFT_VERSION = 5.0;
				TARGETED_DEVICE_FAMILY = 1;
			};
			name = Release;
		};
/* End XCBuildConfiguration section */

/* Begin XCConfigurationList section */
		EDDFE23923B6C71E00C026C3 /* Build configuration list for PBXProject "GHFollowers" */ = {
			isa = XCConfigurationList;
			buildConfigurations = (
				EDDFE25023B6C71E00C026C3 /* Debug */,
				EDDFE25123B6C71E00C026C3 /* Release */,
			);
			defaultConfigurationIsVisible = 0;
			defaultConfigurationName = Release;
		};
		EDDFE25223B6C71E00C026C3 /* Build configuration list for PBXNativeTarget "GHFollowers" */ = {
			isa = XCConfigurationList;
			buildConfigurations = (
				EDDFE25323B6C71E00C026C3 /* Debug */,
				EDDFE25423B6C71E00C026C3 /* Release */,
			);
			defaultConfigurationIsVisible = 0;
			defaultConfigurationName = Release;
		};
/* End XCConfigurationList section */
	};
	rootObject = EDDFE23623B6C71E00C026C3 /* Project object */;
}
